{
  "version": 4,
  "terraform_version": "1.6.6",
  "serial": 12,
  "lineage": "862fc854-cccf-953c-af6e-943ec3e46a1e",
  "outputs": {},
  "resources": [
    {
      "module": "module.networking",
      "mode": "data",
      "type": "aws_availability_zones",
      "name": "this",
      "provider": "provider[\"registry.terraform.io/hashicorp/aws\"]",
      "instances": [
        {
          "schema_version": 0,
          "attributes": {
            "all_availability_zones": null,
            "exclude_names": null,
            "exclude_zone_ids": null,
            "filter": null,
            "group_names": [
              "eu-central-1-zg-1"
            ],
            "id": "eu-central-1",
            "names": [
              "eu-central-1a",
              "eu-central-1b",
              "eu-central-1c"
            ],
            "state": "available",
            "timeouts": null,
            "zone_ids": [
              "euc1-az2",
              "euc1-az3",
              "euc1-az1"
            ]
          },
          "sensitive_attributes": []
        }
      ]
    },
    {
      "module": "module.networking",
      "mode": "managed",
      "type": "aws_internet_gateway",
      "name": "this",
      "provider": "provider[\"registry.terraform.io/hashicorp/aws\"]",
      "instances": [
        {
          "index_key": 0,
          "schema_version": 0,
          "attributes": {
            "arn": "arn:aws:ec2:eu-central-1:992122884453:internet-gateway/igw-0e0f617643a2cf409",
            "id": "igw-0e0f617643a2cf409",
            "owner_id": "992122884453",
            "tags": {
              "BusinessOwner": "Digital Engineering",
              "CreatedBy": "George Ndungu",
              "Environment": "sandbox",
              "Name": "us-east-1--igw",
              "Owner": "gndungu",
              "Project": "devops-challenge"
            },
            "tags_all": {
              "BusinessOwner": "Digital Engineering",
              "CreatedBy": "George Ndungu",
              "Environment": "sandbox",
              "Name": "us-east-1--igw",
              "Owner": "gndungu",
              "Project": "devops-challenge"
            },
            "timeouts": null,
            "vpc_id": "vpc-0e4482857ea770453"
          },
          "sensitive_attributes": [],
          "private": "eyJlMmJmYjczMC1lY2FhLTExZTYtOGY4OC0zNDM2M2JjN2M0YzAiOnsiY3JlYXRlIjoxMjAwMDAwMDAwMDAwLCJkZWxldGUiOjEyMDAwMDAwMDAwMDAsInVwZGF0ZSI6MTIwMDAwMDAwMDAwMH19",
          "dependencies": [
            "module.networking.aws_vpc.this"
          ]
        }
      ]
    },
    {
      "module": "module.networking",
      "mode": "managed",
      "type": "aws_route_table",
      "name": "gw_rt",
      "provider": "provider[\"registry.terraform.io/hashicorp/aws\"]",
      "instances": [
        {
          "schema_version": 0,
          "attributes": {
            "arn": "arn:aws:ec2:eu-central-1:992122884453:route-table/rtb-0d99d4f8942037553",
            "id": "rtb-0d99d4f8942037553",
            "owner_id": "992122884453",
            "propagating_vgws": [],
            "route": [
              {
                "carrier_gateway_id": "",
                "cidr_block": "0.0.0.0/0",
                "core_network_arn": "",
                "destination_prefix_list_id": "",
                "egress_only_gateway_id": "",
                "gateway_id": "igw-0e0f617643a2cf409",
                "ipv6_cidr_block": "",
                "local_gateway_id": "",
                "nat_gateway_id": "",
                "network_interface_id": "",
                "transit_gateway_id": "",
                "vpc_endpoint_id": "",
                "vpc_peering_connection_id": ""
              }
            ],
            "tags": {
              "BusinessOwner": "Digital Engineering",
              "CreatedBy": "George Ndungu",
              "Environment": "sandbox",
              "Name": "us-east-1--igw-rt",
              "Owner": "gndungu",
              "Project": "devops-challenge"
            },
            "tags_all": {
              "BusinessOwner": "Digital Engineering",
              "CreatedBy": "George Ndungu",
              "Environment": "sandbox",
              "Name": "us-east-1--igw-rt",
              "Owner": "gndungu",
              "Project": "devops-challenge"
            },
            "timeouts": null,
            "vpc_id": "vpc-0e4482857ea770453"
          },
          "sensitive_attributes": [],
          "private": "eyJlMmJmYjczMC1lY2FhLTExZTYtOGY4OC0zNDM2M2JjN2M0YzAiOnsiY3JlYXRlIjozMDAwMDAwMDAwMDAsImRlbGV0ZSI6MzAwMDAwMDAwMDAwLCJ1cGRhdGUiOjEyMDAwMDAwMDAwMH19",
          "dependencies": [
            "module.networking.aws_internet_gateway.this",
            "module.networking.aws_vpc.this"
          ]
        }
      ]
    },
    {
      "module": "module.networking",
      "mode": "managed",
      "type": "aws_route_table_association",
      "name": "public",
      "provider": "provider[\"registry.terraform.io/hashicorp/aws\"]",
      "instances": [
        {
          "index_key": 0,
          "schema_version": 0,
          "attributes": {
            "gateway_id": "",
            "id": "rtbassoc-0914294be34459226",
            "route_table_id": "rtb-0d99d4f8942037553",
            "subnet_id": "subnet-02e8580af7d4208aa",
            "timeouts": null
          },
          "sensitive_attributes": [],
          "private": "eyJlMmJmYjczMC1lY2FhLTExZTYtOGY4OC0zNDM2M2JjN2M0YzAiOnsiY3JlYXRlIjozMDAwMDAwMDAwMDAsImRlbGV0ZSI6MzAwMDAwMDAwMDAwLCJ1cGRhdGUiOjEyMDAwMDAwMDAwMH19",
          "dependencies": [
            "module.networking.aws_internet_gateway.this",
            "module.networking.aws_route_table.gw_rt",
            "module.networking.aws_subnet.public",
            "module.networking.aws_vpc.this",
            "module.networking.data.aws_availability_zones.this"
          ]
        }
      ]
    },
    {
      "module": "module.networking",
      "mode": "managed",
      "type": "aws_security_group",
      "name": "this",
      "provider": "provider[\"registry.terraform.io/hashicorp/aws\"]",
      "instances": [
        {
          "schema_version": 1,
          "attributes": {
            "arn": "arn:aws:ec2:eu-central-1:992122884453:security-group/sg-0ee2ff0a3c7910b04",
            "description": "Describes the security group to be used",
            "egress": [],
            "id": "sg-0ee2ff0a3c7910b04",
            "ingress": [],
            "name": "us-east-1--sg",
            "name_prefix": "",
            "owner_id": "992122884453",
            "revoke_rules_on_delete": false,
            "tags": {
              "BusinessOwner": "Digital Engineering",
              "CreatedBy": "George Ndungu",
              "Environment": "sandbox",
              "Name": "us-east-1--sg",
              "Owner": "gndungu",
              "Project": "devops-challenge"
            },
            "tags_all": {
              "BusinessOwner": "Digital Engineering",
              "CreatedBy": "George Ndungu",
              "Environment": "sandbox",
              "Name": "us-east-1--sg",
              "Owner": "gndungu",
              "Project": "devops-challenge"
            },
            "timeouts": null,
            "vpc_id": "vpc-0e4482857ea770453"
          },
          "sensitive_attributes": [],
          "private": "eyJlMmJmYjczMC1lY2FhLTExZTYtOGY4OC0zNDM2M2JjN2M0YzAiOnsiY3JlYXRlIjo2MDAwMDAwMDAwMDAsImRlbGV0ZSI6OTAwMDAwMDAwMDAwfSwic2NoZW1hX3ZlcnNpb24iOiIxIn0=",
          "dependencies": [
            "module.networking.aws_vpc.this"
          ]
        }
      ]
    },
    {
      "module": "module.networking",
      "mode": "managed",
      "type": "aws_subnet",
      "name": "private",
      "provider": "provider[\"registry.terraform.io/hashicorp/aws\"]",
      "instances": [
        {
          "index_key": 0,
          "schema_version": 1,
          "attributes": {
            "arn": "arn:aws:ec2:eu-central-1:992122884453:subnet/subnet-095795c1348cb5ca5",
            "assign_ipv6_address_on_creation": false,
            "availability_zone": "eu-central-1a",
            "availability_zone_id": "euc1-az2",
            "cidr_block": "172.31.150.0/24",
            "customer_owned_ipv4_pool": "",
            "enable_dns64": false,
            "enable_lni_at_device_index": 0,
            "enable_resource_name_dns_a_record_on_launch": false,
            "enable_resource_name_dns_aaaa_record_on_launch": false,
            "id": "subnet-095795c1348cb5ca5",
            "ipv6_cidr_block": "",
            "ipv6_cidr_block_association_id": "",
            "ipv6_native": false,
            "map_customer_owned_ip_on_launch": false,
            "map_public_ip_on_launch": false,
            "outpost_arn": "",
            "owner_id": "992122884453",
            "private_dns_hostname_type_on_launch": "ip-name",
            "tags": {
              "BusinessOwner": "Digital Engineering",
              "CreatedBy": "George Ndungu",
              "Environment": "sandbox",
              "Name": "us-east-1--private-subnet-1}",
              "Owner": "gndungu",
              "Project": "devops-challenge"
            },
            "tags_all": {
              "BusinessOwner": "Digital Engineering",
              "CreatedBy": "George Ndungu",
              "Environment": "sandbox",
              "Name": "us-east-1--private-subnet-1}",
              "Owner": "gndungu",
              "Project": "devops-challenge"
            },
            "timeouts": null,
            "vpc_id": "vpc-0e4482857ea770453"
          },
          "sensitive_attributes": [],
          "private": "eyJlMmJmYjczMC1lY2FhLTExZTYtOGY4OC0zNDM2M2JjN2M0YzAiOnsiY3JlYXRlIjo2MDAwMDAwMDAwMDAsImRlbGV0ZSI6MTIwMDAwMDAwMDAwMH0sInNjaGVtYV92ZXJzaW9uIjoiMSJ9",
          "dependencies": [
            "module.networking.aws_vpc.this",
            "module.networking.data.aws_availability_zones.this"
          ]
        },
        {
          "index_key": 1,
          "schema_version": 1,
          "attributes": {
            "arn": "arn:aws:ec2:eu-central-1:992122884453:subnet/subnet-0f12a63a7ada2286c",
            "assign_ipv6_address_on_creation": false,
            "availability_zone": "eu-central-1b",
            "availability_zone_id": "euc1-az3",
            "cidr_block": "172.31.151.0/24",
            "customer_owned_ipv4_pool": "",
            "enable_dns64": false,
            "enable_lni_at_device_index": 0,
            "enable_resource_name_dns_a_record_on_launch": false,
            "enable_resource_name_dns_aaaa_record_on_launch": false,
            "id": "subnet-0f12a63a7ada2286c",
            "ipv6_cidr_block": "",
            "ipv6_cidr_block_association_id": "",
            "ipv6_native": false,
            "map_customer_owned_ip_on_launch": false,
            "map_public_ip_on_launch": false,
            "outpost_arn": "",
            "owner_id": "992122884453",
            "private_dns_hostname_type_on_launch": "ip-name",
            "tags": {
              "BusinessOwner": "Digital Engineering",
              "CreatedBy": "George Ndungu",
              "Environment": "sandbox",
              "Name": "us-east-1--private-subnet-2}",
              "Owner": "gndungu",
              "Project": "devops-challenge"
            },
            "tags_all": {
              "BusinessOwner": "Digital Engineering",
              "CreatedBy": "George Ndungu",
              "Environment": "sandbox",
              "Name": "us-east-1--private-subnet-2}",
              "Owner": "gndungu",
              "Project": "devops-challenge"
            },
            "timeouts": null,
            "vpc_id": "vpc-0e4482857ea770453"
          },
          "sensitive_attributes": [],
          "private": "eyJlMmJmYjczMC1lY2FhLTExZTYtOGY4OC0zNDM2M2JjN2M0YzAiOnsiY3JlYXRlIjo2MDAwMDAwMDAwMDAsImRlbGV0ZSI6MTIwMDAwMDAwMDAwMH0sInNjaGVtYV92ZXJzaW9uIjoiMSJ9",
          "dependencies": [
            "module.networking.aws_vpc.this",
            "module.networking.data.aws_availability_zones.this"
          ]
        }
      ]
    },
    {
      "module": "module.networking",
      "mode": "managed",
      "type": "aws_subnet",
      "name": "public",
      "provider": "provider[\"registry.terraform.io/hashicorp/aws\"]",
      "instances": [
        {
          "index_key": 0,
          "schema_version": 1,
          "attributes": {
            "arn": "arn:aws:ec2:eu-central-1:992122884453:subnet/subnet-02e8580af7d4208aa",
            "assign_ipv6_address_on_creation": false,
            "availability_zone": "eu-central-1a",
            "availability_zone_id": "euc1-az2",
            "cidr_block": "172.31.149.0/24",
            "customer_owned_ipv4_pool": "",
            "enable_dns64": false,
            "enable_lni_at_device_index": 0,
            "enable_resource_name_dns_a_record_on_launch": false,
            "enable_resource_name_dns_aaaa_record_on_launch": false,
            "id": "subnet-02e8580af7d4208aa",
            "ipv6_cidr_block": "",
            "ipv6_cidr_block_association_id": "",
            "ipv6_native": false,
            "map_customer_owned_ip_on_launch": false,
            "map_public_ip_on_launch": true,
            "outpost_arn": "",
            "owner_id": "992122884453",
            "private_dns_hostname_type_on_launch": "ip-name",
            "tags": {
              "BusinessOwner": "Digital Engineering",
              "CreatedBy": "George Ndungu",
              "Environment": "sandbox",
              "Name": "us-east-1--public-subnet-1",
              "Owner": "gndungu",
              "Project": "devops-challenge"
            },
            "tags_all": {
              "BusinessOwner": "Digital Engineering",
              "CreatedBy": "George Ndungu",
              "Environment": "sandbox",
              "Name": "us-east-1--public-subnet-1",
              "Owner": "gndungu",
              "Project": "devops-challenge"
            },
            "timeouts": null,
            "vpc_id": "vpc-0e4482857ea770453"
          },
          "sensitive_attributes": [],
          "private": "eyJlMmJmYjczMC1lY2FhLTExZTYtOGY4OC0zNDM2M2JjN2M0YzAiOnsiY3JlYXRlIjo2MDAwMDAwMDAwMDAsImRlbGV0ZSI6MTIwMDAwMDAwMDAwMH0sInNjaGVtYV92ZXJzaW9uIjoiMSJ9",
          "dependencies": [
            "module.networking.aws_vpc.this",
            "module.networking.data.aws_availability_zones.this"
          ]
        }
      ]
    },
    {
      "module": "module.networking",
      "mode": "managed",
      "type": "aws_vpc",
      "name": "this",
      "provider": "provider[\"registry.terraform.io/hashicorp/aws\"]",
      "instances": [
        {
          "index_key": 0,
          "schema_version": 1,
          "attributes": {
            "arn": "arn:aws:ec2:eu-central-1:992122884453:vpc/vpc-0e4482857ea770453",
            "assign_generated_ipv6_cidr_block": false,
            "cidr_block": "172.31.0.0/16",
            "default_network_acl_id": "acl-06f0f438cb82548cd",
            "default_route_table_id": "rtb-06ab524abbfef8603",
            "default_security_group_id": "sg-0785511e280aa5f55",
            "dhcp_options_id": "dopt-05d3b4ab285581091",
            "enable_dns_hostnames": false,
            "enable_dns_support": true,
            "enable_network_address_usage_metrics": false,
            "id": "vpc-0e4482857ea770453",
            "instance_tenancy": "default",
            "ipv4_ipam_pool_id": null,
            "ipv4_netmask_length": null,
            "ipv6_association_id": "",
            "ipv6_cidr_block": "",
            "ipv6_cidr_block_network_border_group": "",
            "ipv6_ipam_pool_id": "",
            "ipv6_netmask_length": 0,
            "main_route_table_id": "rtb-06ab524abbfef8603",
            "owner_id": "992122884453",
            "tags": {
              "BusinessOwner": "Digital Engineering",
              "CreatedBy": "George Ndungu",
              "Environment": "sandbox",
              "Name": "us-east-1--vpc",
              "Owner": "gndungu",
              "Project": "devops-challenge"
            },
            "tags_all": {
              "BusinessOwner": "Digital Engineering",
              "CreatedBy": "George Ndungu",
              "Environment": "sandbox",
              "Name": "us-east-1--vpc",
              "Owner": "gndungu",
              "Project": "devops-challenge"
            }
          },
          "sensitive_attributes": [],
          "private": "eyJzY2hlbWFfdmVyc2lvbiI6IjEifQ=="
        }
      ]
    },
    {
      "module": "module.networking",
      "mode": "managed",
      "type": "aws_vpc_security_group_egress_rule",
      "name": "this",
      "provider": "provider[\"registry.terraform.io/hashicorp/aws\"]",
      "instances": [
        {
          "schema_version": 0,
          "attributes": {
            "arn": "arn:aws:ec2:eu-central-1:992122884453:security-group-rule/sgr-0adb84eeff5d29b0d",
            "cidr_ipv4": "0.0.0.0/0",
            "cidr_ipv6": null,
            "description": null,
            "from_port": 0,
            "id": "sgr-0adb84eeff5d29b0d",
            "ip_protocol": "TCP",
            "prefix_list_id": null,
            "referenced_security_group_id": null,
            "security_group_id": "sg-0ee2ff0a3c7910b04",
            "security_group_rule_id": "sgr-0adb84eeff5d29b0d",
            "tags": null,
            "tags_all": {},
            "to_port": 0
          },
          "sensitive_attributes": [],
          "dependencies": [
            "module.networking.aws_security_group.this",
            "module.networking.aws_vpc.this"
          ]
        }
      ]
    },
    {
      "module": "module.networking",
      "mode": "managed",
      "type": "aws_vpc_security_group_ingress_rule",
      "name": "this",
      "provider": "provider[\"registry.terraform.io/hashicorp/aws\"]",
      "instances": [
        {
          "schema_version": 0,
          "attributes": {
            "arn": "arn:aws:ec2:eu-central-1:992122884453:security-group-rule/sgr-06f8108e468a4a6f4",
            "cidr_ipv4": null,
            "cidr_ipv6": null,
            "description": null,
            "from_port": 0,
            "id": "sgr-06f8108e468a4a6f4",
            "ip_protocol": "-1",
            "prefix_list_id": null,
            "referenced_security_group_id": "sg-0ee2ff0a3c7910b04",
            "security_group_id": "sg-0ee2ff0a3c7910b04",
            "security_group_rule_id": "sgr-06f8108e468a4a6f4",
            "tags": null,
            "tags_all": {},
            "to_port": 0
          },
          "sensitive_attributes": [],
          "dependencies": [
            "module.networking.aws_security_group.this",
            "module.networking.aws_vpc.this"
          ]
        }
      ]
    }
  ],
  "check_results": null
}
